
Microsoft Visual Studio Solution File, Format Version 12.00
# Visual Studio Version 17
VisualStudioVersion = 17.1.32421.90
MinimumVisualStudioVersion = 10.0.40219.1
Project("{FAE04EC0-301F-11D3-BF4B-00C04F79EFBC}") = "OpenCrib.api", "OpenCrib.api.csproj", "{884A71CF-376E-4565-8D54-8DE21428EB07}"
EndProject
Global
	GlobalSection(SolutionConfigurationPlatforms) = preSolution
		Debug|Any CPU = Debug|Any CPU
		Release|Any CPU = Release|Any CPU
	EndGlobalSection
	GlobalSection(ProjectConfigurationPlatforms) = postSolution
		{884A71CF-376E-4565-8D54-8DE21428EB07}.Debug|Any CPU.ActiveCfg = Debug|Any CPU
		{884A71CF-376E-4565-8D54-8DE21428EB07}.Debug|Any CPU.Build.0 = Debug|Any CPU
		{884A71CF-376E-4565-8D54-8DE21428EB07}.Release|Any CPU.ActiveCfg = Release|Any CPU
		{884A71CF-376E-4565-8D54-8DE21428EB07}.Release|Any CPU.Build.0 = Release|Any CPU
	EndGlobalSection
	GlobalSection(SolutionProperties) = preSolution
		HideSolutionNode = FALSE
	EndGlobalSection
	GlobalSection(ExtensibilityGlobals) = postSolution
		SolutionGuid = {45D05C44-E334-4903-9A76-EE1C91C74027}
	EndGlobalSection
EndGlobal
